
Microsoft Visual Studio Solution File, Format Version 12.00
# Visual Studio Version 17
VisualStudioVersion = 17.7.34202.233
MinimumVisualStudioVersion = 10.0.40219.1
Project("{FAE04EC0-301F-11D3-BF4B-00C04F79EFBC}") = "Project_OOP12", "Project_OOP12\Project_OOP12.csproj", "{241D53A3-3780-4466-8139-952E33577BE1}"
EndProject
Global
	GlobalSection(SolutionConfigurationPlatforms) = preSolution
		Debug|Any CPU = Debug|Any CPU
		Release|Any CPU = Release|Any CPU
	EndGlobalSection
	GlobalSection(ProjectConfigurationPlatforms) = postSolution
		{241D53A3-3780-4466-8139-952E33577BE1}.Debug|Any CPU.ActiveCfg = Debug|Any CPU
		{241D53A3-3780-4466-8139-952E33577BE1}.Debug|Any CPU.Build.0 = Debug|Any CPU
		{241D53A3-3780-4466-8139-952E33577BE1}.Release|Any CPU.ActiveCfg = Release|Any CPU
		{241D53A3-3780-4466-8139-952E33577BE1}.Release|Any CPU.Build.0 = Release|Any CPU
	EndGlobalSection
	GlobalSection(SolutionProperties) = preSolution
		HideSolutionNode = FALSE
	EndGlobalSection
	GlobalSection(ExtensibilityGlobals) = postSolution
		SolutionGuid = {0DB8DA89-A884-4254-A26D-885DE953AD32}
	EndGlobalSection
EndGlobal
